
Microsoft Visual Studio Solution File, Format Version 12.00
# Visual Studio Version 17
VisualStudioVersion = 17.14.36915.13 d17.14
MinimumVisualStudioVersion = 10.0.40219.1
Project("{FAE04EC0-301F-11D3-BF4B-00C04F79EFBC}") = "TicTacToe", "TicTacToe.csproj", "{2AB5248E-837B-4C19-829D-6057D93996C9}"
EndProject
Global
	GlobalSection(SolutionConfigurationPlatforms) = preSolution
		Debug|Any CPU = Debug|Any CPU
		Release|Any CPU = Release|Any CPU
	EndGlobalSection
	GlobalSection(ProjectConfigurationPlatforms) = postSolution
		{2AB5248E-837B-4C19-829D-6057D93996C9}.Debug|Any CPU.ActiveCfg = Debug|Any CPU
		{2AB5248E-837B-4C19-829D-6057D93996C9}.Debug|Any CPU.Build.0 = Debug|Any CPU
		{2AB5248E-837B-4C19-829D-6057D93996C9}.Release|Any CPU.ActiveCfg = Release|Any CPU
		{2AB5248E-837B-4C19-829D-6057D93996C9}.Release|Any CPU.Build.0 = Release|Any CPU
	EndGlobalSection
	GlobalSection(SolutionProperties) = preSolution
		HideSolutionNode = FALSE
	EndGlobalSection
	GlobalSection(ExtensibilityGlobals) = postSolution
		SolutionGuid = {6A9D8A68-BF70-407C-8BE3-BB7EAF323C80}
	EndGlobalSection
EndGlobal
